// !$*UTF8*$!
{
	archiveVersion = 1;
	classes = {
	};
	objectVersion = 46;
	objects = {

/* Begin PBXBuildFile section */
		8615AEEA1DA5A391002BDD5D /* AppDelegate.swift in Sources */ = {isa = PBXBuildFile; fileRef = 8615AEE91DA5A391002BDD5D /* AppDelegate.swift */; };
		8615AEEC1DA5A391002BDD5D /* ViewController.swift in Sources */ = {isa = PBXBuildFile; fileRef = 8615AEEB1DA5A391002BDD5D /* ViewController.swift */; };
		8615AEEF1DA5A391002BDD5D /* Main.storyboard in Resources */ = {isa = PBXBuildFile; fileRef = 8615AEED1DA5A391002BDD5D /* Main.storyboard */; };
		8615AEF11DA5A391002BDD5D /* Assets.xcassets in Resources */ = {isa = PBXBuildFile; fileRef = 8615AEF01DA5A391002BDD5D /* Assets.xcassets */; };
		8615AEF41DA5A391002BDD5D /* LaunchScreen.storyboard in Resources */ = {isa = PBXBuildFile; fileRef = 8615AEF21DA5A391002BDD5D /* LaunchScreen.storyboard */; };
/* End PBXBuildFile section */

/* Begin PBXFileReference section */
		8615AEE61DA5A391002BDD5D /* Lopes_MoreThanAWordsWorthOfWordsworth.app */ = {isa = PBXFileReference; explicitFileType = wrapper.application; includeInIndex = 0; path = Lopes_MoreThanAWordsWorthOfWordsworth.app; sourceTree = BUILT_PRODUCTS_DIR; };
		8615AEE91DA5A391002BDD5D /* AppDelegate.swift */ = {isa = PBXFileReference; lastKnownFileType = sourcecode.swift; path = AppDelegate.swift; sourceTree = "<group>"; };
		8615AEEB1DA5A391002BDD5D /* ViewController.swift */ = {isa = PBXFileReference; lastKnownFileType = sourcecode.swift; path = ViewController.swift; sourceTree = "<group>"; };
		8615AEEE1DA5A391002BDD5D /* Base */ = {isa = PBXFileReference; lastKnownFileType = file.storyboard; name = Base; path = Base.lproj/Main.storyboard; sourceTree = "<group>"; };
		8615AEF01DA5A391002BDD5D /* Assets.xcassets */ = {isa = PBXFileReference; lastKnownFileType = folder.assetcatalog; path = Assets.xcassets; sourceTree = "<group>"; };
		8615AEF31DA5A391002BDD5D /* Base */ = {isa = PBXFileReference; lastKnownFileType = file.storyboard; name = Base; path = Base.lproj/LaunchScreen.storyboard; sourceTree = "<group>"; };
		8615AEF51DA5A391002BDD5D /* Info.plist */ = {isa = PBXFileReference; lastKnownFileType = text.plist.xml; path = Info.plist; sourceTree = "<group>"; };
/* End PBXFileReference section */

/* Begin PBXFrameworksBuildPhase section */
		8615AEE31DA5A391002BDD5D /* Frameworks */ = {
			isa = PBXFrameworksBuildPhase;
			buildActionMask = 2147483647;
			files = (
			);
			runOnlyForDeploymentPostprocessing = 0;
		};
/* End PBXFrameworksBuildPhase section */

/* Begin PBXGroup section */
		8615AEDD1DA5A391002BDD5D = {
			isa = PBXGroup;
			children = (
				8615AEE81DA5A391002BDD5D /* Lopes_MoreThanAWordsWorthOfWordsworth */,
				8615AEE71DA5A391002BDD5D /* Products */,
			);
			sourceTree = "<group>";
		};
		8615AEE71DA5A391002BDD5D /* Products */ = {
			isa = PBXGroup;
			children = (
				8615AEE61DA5A391002BDD5D /* Lopes_MoreThanAWordsWorthOfWordsworth.app */,
			);
			name = Products;
			sourceTree = "<group>";
		};
		8615AEE81DA5A391002BDD5D /* Lopes_MoreThanAWordsWorthOfWordsworth */ = {
			isa = PBXGroup;
			children = (
				8615AEE91DA5A391002BDD5D /* AppDelegate.swift */,
				8615AEEB1DA5A391002BDD5D /* ViewController.swift */,
				8615AEED1DA5A391002BDD5D /* Main.storyboard */,
				8615AEF01DA5A391002BDD5D /* Assets.xcassets */,
				8615AEF21DA5A391002BDD5D /* LaunchScreen.storyboard */,
				8615AEF51DA5A391002BDD5D /* Info.plist */,
			);
			path = Lopes_MoreThanAWordsWorthOfWordsworth;
			sourceTree = "<group>";
		};
/* End PBXGroup section */

/* Begin PBXNativeTarget section */
		8615AEE51DA5A391002BDD5D /* Lopes_MoreThanAWordsWorthOfWordsworth */ = {
			isa = PBXNativeTarget;
			buildConfigurationList = 8615AEF81DA5A391002BDD5D /* Build configuration list for PBXNativeTarget "Lopes_MoreThanAWordsWorthOfWordsworth" */;
			buildPhases = (
				8615AEE21DA5A391002BDD5D /* Sources */,
				8615AEE31DA5A391002BDD5D /* Frameworks */,
				8615AEE41DA5A391002BDD5D /* Resources */,
			);
			buildRules = (
			);
			dependencies = (
			);
			name = Lopes_MoreThanAWordsWorthOfWordsworth;
			productName = Lopes_MoreThanAWordsWorthOfWordsworth;
			productReference = 8615AEE61DA5A391002BDD5D /* Lopes_MoreThanAWordsWorthOfWordsworth.app */;
			productType = "com.apple.product-type.application";
		};
/* End PBXNativeTarget section */

/* Begin PBXProject section */
		8615AEDE1DA5A391002BDD5D /* Project object */ = {
			isa = PBXProject;
			attributes = {
				LastSwiftUpdateCheck = 0730;
				LastUpgradeCheck = 0730;
				ORGANIZATIONNAME = "Lopes,Grevil Gonsalo";
				TargetAttributes = {
					8615AEE51DA5A391002BDD5D = {
						CreatedOnToolsVersion = 7.3.1;
					};
				};
			};
			buildConfigurationList = 8615AEE11DA5A391002BDD5D /* Build configuration list for PBXProject "Lopes_MoreThanAWordsWorthOfWordsworth" */;
			compatibilityVersion = "Xcode 3.2";
			developmentRegion = English;
			hasScannedForEncodings = 0;
			knownRegions = (
				en,
				Base,
			);
			mainGroup = 8615AEDD1DA5A391002BDD5D;
			productRefGroup = 8615AEE71DA5A391002BDD5D /* Products */;
			projectDirPath = "";
			projectRoot = "";
			targets = (
				8615AEE51DA5A391002BDD5D /* Lopes_MoreThanAWordsWorthOfWordsworth */,
			);
		};
/* End PBXProject section */

/* Begin PBXResourcesBuildPhase section */
		8615AEE41DA5A391002BDD5D /* Resources */ = {
			isa = PBXResourcesBuildPhase;
			buildActionMask = 2147483647;
			files = (
				8615AEF41DA5A391002BDD5D /* LaunchScreen.storyboard in Resources */,
				8615AEF11DA5A391002BDD5D /* Assets.xcassets in Resources */,
				8615AEEF1DA5A391002BDD5D /* Main.storyboard in Resources */,
			);
			runOnlyForDeploymentPostprocessing = 0;
		};
/* End PBXResourcesBuildPhase section */

/* Begin PBXSourcesBuildPhase section */
		8615AEE21DA5A391002BDD5D /* Sources */ = {
			isa = PBXSourcesBuildPhase;
			buildActionMask = 2147483647;
			files = (
				8615AEEC1DA5A391002BDD5D /* ViewController.swift in Sources */,
				8615AEEA1DA5A391002BDD5D /* AppDelegate.swift in Sources */,
			);
			runOnlyForDeploymentPostprocessing = 0;
		};
/* End PBXSourcesBuildPhase section */

/* Begin PBXVariantGroup section */
		8615AEED1DA5A391002BDD5D /* Main.storyboard */ = {
			isa = PBXVariantGroup;
			children = (
				8615AEEE1DA5A391002BDD5D /* Base */,
			);
			name = Main.storyboard;
			sourceTree = "<group>";
		};
		8615AEF21DA5A391002BDD5D /* LaunchScreen.storyboard */ = {
			isa = PBXVariantGroup;
			children = (
				8615AEF31DA5A391002BDD5D /* Base */,
			);
			name = LaunchScreen.storyboard;
			sourceTree = "<group>";
		};
/* End PBXVariantGroup section */

/* Begin XCBuildConfiguration section */
		8615AEF61DA5A391002BDD5D /* Debug */ = {
			isa = XCBuildConfiguration;
			buildSettings = {
				ALWAYS_SEARCH_USER_PATHS = NO;
				CLANG_ANALYZER_NONNULL = YES;
				CLANG_CXX_LANGUAGE_STANDARD = "gnu++0x";
				CLANG_CXX_LIBRARY = "libc++";
				CLANG_ENABLE_MODULES = YES;
				CLANG_ENABLE_OBJC_ARC = YES;
				CLANG_WARN_BOOL_CONVERSION = YES;
				CLANG_WARN_CONSTANT_CONVERSION = YES;
				CLANG_WARN_DIRECT_OBJC_ISA_USAGE = YES_ERROR;
				CLANG_WARN_EMPTY_BODY = YES;
				CLANG_WARN_ENUM_CONVERSION = YES;
				CLANG_WARN_INT_CONVERSION = YES;
				CLANG_WARN_OBJC_ROOT_CLASS = YES_ERROR;
				CLANG_WARN_UNREACHABLE_CODE = YES;
				CLANG_WARN__DUPLICATE_METHOD_MATCH = YES;
				"CODE_SIGN_IDENTITY[sdk=iphoneos*]" = "iPhone Developer";
				COPY_PHASE_STRIP = NO;
				DEBUG_INFORMATION_FORMAT = dwarf;
				ENABLE_STRICT_OBJC_MSGSEND = YES;
				ENABLE_TESTABILITY = YES;
				GCC_C_LANGUAGE_STANDARD = gnu99;
				GCC_DYNAMIC_NO_PIC = NO;
				GCC_NO_COMMON_BLOCKS = YES;
				GCC_OPTIMIZATION_LEVEL = 0;
				GCC_PREPROCESSOR_DEFINITIONS = (
					"DEBUG=1",
					"$(inherited)",
				);
				GCC_WARN_64_TO_32_BIT_CONVERSION = YES;
				GCC_WARN_ABOUT_RETURN_TYPE = YES_ERROR;
				GCC_WARN_UNDECLARED_SELECTOR = YES;
				GCC_WARN_UNINITIALIZED_AUTOS = YES_AGGRESSIVE;
				GCC_WARN_UNUSED_FUNCTION = YES;
				GCC_WARN_UNUSED_VARIABLE = YES;
				IPHONEOS_DEPLOYMENT_TARGET = 9.3;
				MTL_ENABLE_DEBUG_INFO = YES;
				ONLY_ACTIVE_ARCH = YES;
				SDKROOT = iphoneos;
				SWIFT_OPTIMIZATION_LEVEL = "-Onone";
			};
			name = Debug;
		};
		8615AEF71DA5A391002BDD5D /* Release */ = {
			isa = XCBuildConfiguration;
			buildSettings = {
				ALWAYS_SEARCH_USER_PATHS = NO;
				CLANG_ANALYZER_NONNULL = YES;
				CLANG_CXX_LANGUAGE_STANDARD = "gnu++0x";
				CLANG_CXX_LIBRARY = "libc++";
				CLANG_ENABLE_MODULES = YES;
				CLANG_ENABLE_OBJC_ARC = YES;
				CLANG_WARN_BOOL_CONVERSION = YES;
				CLANG_WARN_CONSTANT_CONVERSION = YES;
				CLANG_WARN_DIRECT_OBJC_ISA_USAGE = YES_ERROR;
				CLANG_WARN_EMPTY_BODY = YES;
				CLANG_WARN_ENUM_CONVERSION = YES;
				CLANG_WARN_INT_CONVERSION = YES;
				CLANG_WARN_OBJC_ROOT_CLASS = YES_ERROR;
				CLANG_WARN_UNREACHABLE_CODE = YES;
				CLANG_WARN__DUPLICATE_METHOD_MATCH = YES;
				"CODE_SIGN_IDENTITY[sdk=iphoneos*]" = "iPhone Developer";
				COPY_PHASE_STRIP = NO;
				DEBUG_INFORMATION_FORMAT = "dwarf-with-dsym";
				ENABLE_NS_ASSERTIONS = NO;
				ENABLE_STRICT_OBJC_MSGSEND = YES;
				GCC_C_LANGUAGE_STANDARD = gnu99;
				GCC_NO_COMMON_BLOCKS = YES;
				GCC_WARN_64_TO_32_BIT_CONVERSION = YES;
				GCC_WARN_ABOUT_RETURN_TYPE = YES_ERROR;
				GCC_WARN_UNDECLARED_SELECTOR = YES;
				GCC_WARN_UNINITIALIZED_AUTOS = YES_AGGRESSIVE;
				GCC_WARN_UNUSED_FUNCTION = YES;
				GCC_WARN_UNUSED_VARIABLE = YES;
				IPHONEOS_DEPLOYMENT_TARGET = 9.3;
				MTL_ENABLE_DEBUG_INFO = NO;
				SDKROOT = iphoneos;
				VALIDATE_PRODUCT = YES;
			};
			name = Release;
		};
		8615AEF91DA5A391002BDD5D /* Debug */ = {
			isa = XCBuildConfiguration;
			buildSettings = {
				ASSETCATALOG_COMPILER_APPICON_NAME = AppIcon;
				INFOPLIST_FILE = Lopes_MoreThanAWordsWorthOfWordsworth/Info.plist;
				LD_RUNPATH_SEARCH_PATHS = "$(inherited) @executable_path/Frameworks";
				PRODUCT_BUNDLE_IDENTIFIER = "LopesGrevil.Lopes-MoreThanAWordsWorthOfWordsworth";
				PRODUCT_NAME = "$(TARGET_NAME)";
			};
			name = Debug;
		};
		8615AEFA1DA5A391002BDD5D /* Release */ = {
			isa = XCBuildConfiguration;
			buildSettings = {
				ASSETCATALOG_COMPILER_APPICON_NAME = AppIcon;
				INFOPLIST_FILE = Lopes_MoreThanAWordsWorthOfWordsworth/Info.plist;
				LD_RUNPATH_SEARCH_PATHS = "$(inherited) @executable_path/Frameworks";
				PRODUCT_BUNDLE_IDENTIFIER = "LopesGrevil.Lopes-MoreThanAWordsWorthOfWordsworth";
				PRODUCT_NAME = "$(TARGET_NAME)";
			};
			name = Release;
		};
/* End XCBuildConfiguration section */

/* Begin XCConfigurationList section */
		8615AEE11DA5A391002BDD5D /* Build configuration list for PBXProject "Lopes_MoreThanAWordsWorthOfWordsworth" */ = {
			isa = XCConfigurationList;
			buildConfigurations = (
				8615AEF61DA5A391002BDD5D /* Debug */,
				8615AEF71DA5A391002BDD5D /* Release */,
			);
			defaultConfigurationIsVisible = 0;
			defaultConfigurationName = Release;
		};
		8615AEF81DA5A391002BDD5D /* Build configuration list for PBXNativeTarget "Lopes_MoreThanAWordsWorthOfWordsworth" */ = {
			isa = XCConfigurationList;
			buildConfigurations = (
				8615AEF91DA5A391002BDD5D /* Debug */,
				8615AEFA1DA5A391002BDD5D /* Release */,
			);
			defaultConfigurationIsVisible = 0;
		};
/* End XCConfigurationList section */
	};
	rootObject = 8615AEDE1DA5A391002BDD5D /* Project object */;
}
